
Microsoft Visual Studio Solution File, Format Version 12.00
# Visual Studio 15
VisualStudioVersion = 15.0.26124.0
MinimumVisualStudioVersion = 15.0.26124.0
Project("{FAE04EC0-301F-11D3-BF4B-00C04F79EFBC}") = "AzureFunction", "AzureFunction\AzureFunction.csproj", "{D9FF03BA-0ECA-45A7-8E59-955CD13958DC}"
EndProject
Project("{FAE04EC0-301F-11D3-BF4B-00C04F79EFBC}") = "HelloWorld", "HelloWorld\HelloWorld.csproj", "{F32A9D1D-7BFD-4BDC-ADB6-EFE1752250BE}"
EndProject
Project("{FAE04EC0-301F-11D3-BF4B-00C04F79EFBC}") = "SeveralDifferent", "SeveralDifferent\SeveralDifferent.csproj", "{68BE9A17-9D39-4842-AA78-1085E6BF3619}"
EndProject
Project("{FAE04EC0-301F-11D3-BF4B-00C04F79EFBC}") = "RectangleApplication", "RectangleApplication\RectangleApplication.csproj", "{58BD7227-1CF7-439E-AF07-C7D5AE548D8E}"
EndProject
Global
	GlobalSection(SolutionConfigurationPlatforms) = preSolution
		Debug|Any CPU = Debug|Any CPU
		Debug|x64 = Debug|x64
		Debug|x86 = Debug|x86
		Release|Any CPU = Release|Any CPU
		Release|x64 = Release|x64
		Release|x86 = Release|x86
	EndGlobalSection
	GlobalSection(SolutionProperties) = preSolution
		HideSolutionNode = FALSE
	EndGlobalSection
	GlobalSection(ProjectConfigurationPlatforms) = postSolution
		{D9FF03BA-0ECA-45A7-8E59-955CD13958DC}.Debug|Any CPU.ActiveCfg = Debug|Any CPU
		{D9FF03BA-0ECA-45A7-8E59-955CD13958DC}.Debug|Any CPU.Build.0 = Debug|Any CPU
		{D9FF03BA-0ECA-45A7-8E59-955CD13958DC}.Debug|x64.ActiveCfg = Debug|Any CPU
		{D9FF03BA-0ECA-45A7-8E59-955CD13958DC}.Debug|x64.Build.0 = Debug|Any CPU
		{D9FF03BA-0ECA-45A7-8E59-955CD13958DC}.Debug|x86.ActiveCfg = Debug|Any CPU
		{D9FF03BA-0ECA-45A7-8E59-955CD13958DC}.Debug|x86.Build.0 = Debug|Any CPU
		{D9FF03BA-0ECA-45A7-8E59-955CD13958DC}.Release|Any CPU.ActiveCfg = Release|Any CPU
		{D9FF03BA-0ECA-45A7-8E59-955CD13958DC}.Release|Any CPU.Build.0 = Release|Any CPU
		{D9FF03BA-0ECA-45A7-8E59-955CD13958DC}.Release|x64.ActiveCfg = Release|Any CPU
		{D9FF03BA-0ECA-45A7-8E59-955CD13958DC}.Release|x64.Build.0 = Release|Any CPU
		{D9FF03BA-0ECA-45A7-8E59-955CD13958DC}.Release|x86.ActiveCfg = Release|Any CPU
		{D9FF03BA-0ECA-45A7-8E59-955CD13958DC}.Release|x86.Build.0 = Release|Any CPU
		{F32A9D1D-7BFD-4BDC-ADB6-EFE1752250BE}.Debug|Any CPU.ActiveCfg = Debug|Any CPU
		{F32A9D1D-7BFD-4BDC-ADB6-EFE1752250BE}.Debug|Any CPU.Build.0 = Debug|Any CPU
		{F32A9D1D-7BFD-4BDC-ADB6-EFE1752250BE}.Debug|x64.ActiveCfg = Debug|Any CPU
		{F32A9D1D-7BFD-4BDC-ADB6-EFE1752250BE}.Debug|x64.Build.0 = Debug|Any CPU
		{F32A9D1D-7BFD-4BDC-ADB6-EFE1752250BE}.Debug|x86.ActiveCfg = Debug|Any CPU
		{F32A9D1D-7BFD-4BDC-ADB6-EFE1752250BE}.Debug|x86.Build.0 = Debug|Any CPU
		{F32A9D1D-7BFD-4BDC-ADB6-EFE1752250BE}.Release|Any CPU.ActiveCfg = Release|Any CPU
		{F32A9D1D-7BFD-4BDC-ADB6-EFE1752250BE}.Release|Any CPU.Build.0 = Release|Any CPU
		{F32A9D1D-7BFD-4BDC-ADB6-EFE1752250BE}.Release|x64.ActiveCfg = Release|Any CPU
		{F32A9D1D-7BFD-4BDC-ADB6-EFE1752250BE}.Release|x64.Build.0 = Release|Any CPU
		{F32A9D1D-7BFD-4BDC-ADB6-EFE1752250BE}.Release|x86.ActiveCfg = Release|Any CPU
		{F32A9D1D-7BFD-4BDC-ADB6-EFE1752250BE}.Release|x86.Build.0 = Release|Any CPU
		{68BE9A17-9D39-4842-AA78-1085E6BF3619}.Debug|Any CPU.ActiveCfg = Debug|Any CPU
		{68BE9A17-9D39-4842-AA78-1085E6BF3619}.Debug|Any CPU.Build.0 = Debug|Any CPU
		{68BE9A17-9D39-4842-AA78-1085E6BF3619}.Debug|x64.ActiveCfg = Debug|Any CPU
		{68BE9A17-9D39-4842-AA78-1085E6BF3619}.Debug|x64.Build.0 = Debug|Any CPU
		{68BE9A17-9D39-4842-AA78-1085E6BF3619}.Debug|x86.ActiveCfg = Debug|Any CPU
		{68BE9A17-9D39-4842-AA78-1085E6BF3619}.Debug|x86.Build.0 = Debug|Any CPU
		{68BE9A17-9D39-4842-AA78-1085E6BF3619}.Release|Any CPU.ActiveCfg = Release|Any CPU
		{68BE9A17-9D39-4842-AA78-1085E6BF3619}.Release|Any CPU.Build.0 = Release|Any CPU
		{68BE9A17-9D39-4842-AA78-1085E6BF3619}.Release|x64.ActiveCfg = Release|Any CPU
		{68BE9A17-9D39-4842-AA78-1085E6BF3619}.Release|x64.Build.0 = Release|Any CPU
		{68BE9A17-9D39-4842-AA78-1085E6BF3619}.Release|x86.ActiveCfg = Release|Any CPU
		{68BE9A17-9D39-4842-AA78-1085E6BF3619}.Release|x86.Build.0 = Release|Any CPU
		{58BD7227-1CF7-439E-AF07-C7D5AE548D8E}.Debug|Any CPU.ActiveCfg = Debug|Any CPU
		{58BD7227-1CF7-439E-AF07-C7D5AE548D8E}.Debug|Any CPU.Build.0 = Debug|Any CPU
		{58BD7227-1CF7-439E-AF07-C7D5AE548D8E}.Debug|x64.ActiveCfg = Debug|Any CPU
		{58BD7227-1CF7-439E-AF07-C7D5AE548D8E}.Debug|x64.Build.0 = Debug|Any CPU
		{58BD7227-1CF7-439E-AF07-C7D5AE548D8E}.Debug|x86.ActiveCfg = Debug|Any CPU
		{58BD7227-1CF7-439E-AF07-C7D5AE548D8E}.Debug|x86.Build.0 = Debug|Any CPU
		{58BD7227-1CF7-439E-AF07-C7D5AE548D8E}.Release|Any CPU.ActiveCfg = Release|Any CPU
		{58BD7227-1CF7-439E-AF07-C7D5AE548D8E}.Release|Any CPU.Build.0 = Release|Any CPU
		{58BD7227-1CF7-439E-AF07-C7D5AE548D8E}.Release|x64.ActiveCfg = Release|Any CPU
		{58BD7227-1CF7-439E-AF07-C7D5AE548D8E}.Release|x64.Build.0 = Release|Any CPU
		{58BD7227-1CF7-439E-AF07-C7D5AE548D8E}.Release|x86.ActiveCfg = Release|Any CPU
		{58BD7227-1CF7-439E-AF07-C7D5AE548D8E}.Release|x86.Build.0 = Release|Any CPU
	EndGlobalSection
EndGlobal
